{
  "version": 4,
  "terraform_version": "1.2.5",
  "serial": 99,
  "lineage": "08d78e1f-e4f9-35fc-bf3a-c2a02cf3bb7e",
  "outputs": {
    "alb_dns_name": {
      "value": "webservers-prod-2084028110.us-east-2.elb.amazonaws.com",
      "type": "string"
    }
  },
  "resources": [
    {
      "module": "module.webserver_cluster",
      "mode": "data",
      "type": "aws_subnets",
      "name": "default",
      "provider": "provider[\"registry.terraform.io/hashicorp/aws\"]",
      "instances": [
        {
          "schema_version": 0,
          "attributes": {
            "filter": [
              {
                "name": "vpc-id",
                "values": [
                  "vpc-0604d0a07752732f7"
                ]
              }
            ],
            "id": "us-east-2",
            "ids": [
              "subnet-05f21c1f58f3ed1c9",
              "subnet-05d76fff1622e8aa7",
              "subnet-0e94372e7def8301a"
            ],
            "tags": null
          },
          "sensitive_attributes": []
        }
      ]
    },
    {
      "module": "module.webserver_cluster",
      "mode": "data",
      "type": "aws_vpc",
      "name": "default",
      "provider": "provider[\"registry.terraform.io/hashicorp/aws\"]",
      "instances": [
        {
          "schema_version": 0,
          "attributes": {
            "arn": "arn:aws:ec2:us-east-2:212646661744:vpc/vpc-0604d0a07752732f7",
            "cidr_block": "172.31.0.0/16",
            "cidr_block_associations": [
              {
                "association_id": "vpc-cidr-assoc-0ed82c06d4a3d05d9",
                "cidr_block": "172.31.0.0/16",
                "state": "associated"
              }
            ],
            "default": true,
            "dhcp_options_id": "dopt-0bcf4be13b37499f7",
            "enable_dns_hostnames": true,
            "enable_dns_support": true,
            "filter": null,
            "id": "vpc-0604d0a07752732f7",
            "instance_tenancy": "default",
            "ipv6_association_id": "",
            "ipv6_cidr_block": "",
            "main_route_table_id": "rtb-09f239ac9e7367455",
            "owner_id": "212646661744",
            "state": null,
            "tags": {}
          },
          "sensitive_attributes": []
        }
      ]
    },
    {
      "module": "module.webserver_cluster",
      "mode": "data",
      "type": "terraform_remote_state",
      "name": "db",
      "provider": "provider[\"terraform.io/builtin/terraform\"]",
      "instances": [
        {
          "schema_version": 0,
          "attributes": {
            "backend": "s3",
            "config": {
              "value": {
                "bucket": "tf-ldeng-ch4-bucket-1",
                "key": "prod/state/terraform.tfstate",
                "region": "us-east-2"
              },
              "type": [
                "object",
                {
                  "bucket": "string",
                  "key": "string",
                  "region": "string"
                }
              ]
            },
            "defaults": null,
            "outputs": {
              "value": {
                "address": "terraform-up-and-running20220716154207928200000001.cjz6fkrpnyyn.us-east-2.rds.amazonaws.com",
                "port": 3306
              },
              "type": [
                "object",
                {
                  "address": "string",
                  "port": "number"
                }
              ]
            },
            "workspace": null
          },
          "sensitive_attributes": []
        }
      ]
    },
    {
      "module": "module.webserver_cluster",
      "mode": "managed",
      "type": "aws_autoscaling_group",
      "name": "example",
      "provider": "provider[\"registry.terraform.io/hashicorp/aws\"]",
      "instances": [
        {
          "schema_version": 0,
          "attributes": {
            "arn": "arn:aws:autoscaling:us-east-2:212646661744:autoScalingGroup:e5942203-1781-42b4-8446-f27c14f80003:autoScalingGroupName/terraform-20220716223954508200000002",
            "availability_zones": [
              "us-east-2a",
              "us-east-2b",
              "us-east-2c"
            ],
            "capacity_rebalance": false,
            "context": "",
            "default_cooldown": 300,
            "default_instance_warmup": 0,
            "desired_capacity": 2,
            "enabled_metrics": null,
            "force_delete": false,
            "force_delete_warm_pool": false,
            "health_check_grace_period": 300,
            "health_check_type": "ELB",
            "id": "terraform-20220716223954508200000002",
            "initial_lifecycle_hook": [],
            "instance_refresh": [],
            "launch_configuration": "terraform-20220716223953618500000001",
            "launch_template": [],
            "load_balancers": null,
            "max_instance_lifetime": 0,
            "max_size": 2,
            "metrics_granularity": "1Minute",
            "min_elb_capacity": null,
            "min_size": 2,
            "mixed_instances_policy": [],
            "name": "terraform-20220716223954508200000002",
            "name_prefix": "terraform-",
            "placement_group": "",
            "protect_from_scale_in": false,
            "service_linked_role_arn": "arn:aws:iam::212646661744:role/aws-service-role/autoscaling.amazonaws.com/AWSServiceRoleForAutoScaling",
            "suspended_processes": null,
            "tag": [
              {
                "key": "Name",
                "propagate_at_launch": true,
                "value": "webservers-prod"
              }
            ],
            "tags": null,
            "target_group_arns": [
              "arn:aws:elasticloadbalancing:us-east-2:212646661744:targetgroup/webservers-prod/05fb773b3d3d8269"
            ],
            "termination_policies": null,
            "timeouts": null,
            "vpc_zone_identifier": [
              "subnet-05d76fff1622e8aa7",
              "subnet-05f21c1f58f3ed1c9",
              "subnet-0e94372e7def8301a"
            ],
            "wait_for_capacity_timeout": "10m",
            "wait_for_elb_capacity": null,
            "warm_pool": []
          },
          "sensitive_attributes": [],
          "private": "eyJlMmJmYjczMC1lY2FhLTExZTYtOGY4OC0zNDM2M2JjN2M0YzAiOnsiZGVsZXRlIjo2MDAwMDAwMDAwMDAsInVwZGF0ZSI6NjAwMDAwMDAwMDAwfX0=",
          "dependencies": [
            "module.webserver_cluster.aws_launch_configuration.example",
            "module.webserver_cluster.aws_lb_target_group.asg",
            "module.webserver_cluster.aws_security_group.instance",
            "module.webserver_cluster.data.aws_subnets.default",
            "module.webserver_cluster.data.aws_vpc.default",
            "module.webserver_cluster.data.terraform_remote_state.db"
          ]
        }
      ]
    },
    {
      "module": "module.webserver_cluster",
      "mode": "managed",
      "type": "aws_launch_configuration",
      "name": "example",
      "provider": "provider[\"registry.terraform.io/hashicorp/aws\"]",
      "instances": [
        {
          "schema_version": 0,
          "attributes": {
            "arn": "arn:aws:autoscaling:us-east-2:212646661744:launchConfiguration:c87ed4e1-f1b3-4e03-84e0-3c26ef9e72aa:launchConfigurationName/terraform-20220716223953618500000001",
            "associate_public_ip_address": false,
            "ebs_block_device": [],
            "ebs_optimized": false,
            "enable_monitoring": true,
            "ephemeral_block_device": [],
            "iam_instance_profile": "",
            "id": "terraform-20220716223953618500000001",
            "image_id": "ami-02d1e544b84bf7502",
            "instance_type": "t2.micro",
            "key_name": "",
            "metadata_options": [],
            "name": "terraform-20220716223953618500000001",
            "name_prefix": "terraform-",
            "placement_tenancy": "",
            "root_block_device": [],
            "security_groups": [
              "sg-09f1188189ebc9674"
            ],
            "spot_price": "",
            "user_data": "44fe9360e54149d148bfea34668045702d988b83",
            "user_data_base64": null,
            "vpc_classic_link_id": "",
            "vpc_classic_link_security_groups": null
          },
          "sensitive_attributes": [],
          "private": "bnVsbA==",
          "dependencies": [
            "module.webserver_cluster.aws_security_group.instance",
            "module.webserver_cluster.data.terraform_remote_state.db"
          ],
          "create_before_destroy": true
        }
      ]
    },
    {
      "module": "module.webserver_cluster",
      "mode": "managed",
      "type": "aws_lb",
      "name": "example",
      "provider": "provider[\"registry.terraform.io/hashicorp/aws\"]",
      "instances": [
        {
          "schema_version": 0,
          "attributes": {
            "access_logs": [
              {
                "bucket": "",
                "enabled": false,
                "prefix": ""
              }
            ],
            "arn": "arn:aws:elasticloadbalancing:us-east-2:212646661744:loadbalancer/app/webservers-prod/b4994a601f45af89",
            "arn_suffix": "app/webservers-prod/b4994a601f45af89",
            "customer_owned_ipv4_pool": "",
            "desync_mitigation_mode": "defensive",
            "dns_name": "webservers-prod-2084028110.us-east-2.elb.amazonaws.com",
            "drop_invalid_header_fields": false,
            "enable_cross_zone_load_balancing": null,
            "enable_deletion_protection": false,
            "enable_http2": true,
            "enable_waf_fail_open": false,
            "id": "arn:aws:elasticloadbalancing:us-east-2:212646661744:loadbalancer/app/webservers-prod/b4994a601f45af89",
            "idle_timeout": 60,
            "internal": false,
            "ip_address_type": "ipv4",
            "load_balancer_type": "application",
            "name": "webservers-prod",
            "name_prefix": null,
            "security_groups": [
              "sg-09474a26d94188ec2"
            ],
            "subnet_mapping": [
              {
                "allocation_id": "",
                "ipv6_address": "",
                "outpost_id": "",
                "private_ipv4_address": "",
                "subnet_id": "subnet-05d76fff1622e8aa7"
              },
              {
                "allocation_id": "",
                "ipv6_address": "",
                "outpost_id": "",
                "private_ipv4_address": "",
                "subnet_id": "subnet-05f21c1f58f3ed1c9"
              },
              {
                "allocation_id": "",
                "ipv6_address": "",
                "outpost_id": "",
                "private_ipv4_address": "",
                "subnet_id": "subnet-0e94372e7def8301a"
              }
            ],
            "subnets": [
              "subnet-05d76fff1622e8aa7",
              "subnet-05f21c1f58f3ed1c9",
              "subnet-0e94372e7def8301a"
            ],
            "tags": null,
            "tags_all": {},
            "timeouts": null,
            "vpc_id": "vpc-0604d0a07752732f7",
            "zone_id": "Z3AADJGX6KTTL2"
          },
          "sensitive_attributes": [],
          "private": "eyJlMmJmYjczMC1lY2FhLTExZTYtOGY4OC0zNDM2M2JjN2M0YzAiOnsiY3JlYXRlIjo2MDAwMDAwMDAwMDAsImRlbGV0ZSI6NjAwMDAwMDAwMDAwLCJ1cGRhdGUiOjYwMDAwMDAwMDAwMH19",
          "dependencies": [
            "module.webserver_cluster.aws_security_group.alb",
            "module.webserver_cluster.data.aws_subnets.default"
          ]
        }
      ]
    },
    {
      "module": "module.webserver_cluster",
      "mode": "managed",
      "type": "aws_lb_listener",
      "name": "http",
      "provider": "provider[\"registry.terraform.io/hashicorp/aws\"]",
      "instances": [
        {
          "schema_version": 0,
          "attributes": {
            "alpn_policy": null,
            "arn": "arn:aws:elasticloadbalancing:us-east-2:212646661744:listener/app/webservers-prod/b4994a601f45af89/06429f77eaf43584",
            "certificate_arn": null,
            "default_action": [
              {
                "authenticate_cognito": [],
                "authenticate_oidc": [],
                "fixed_response": [
                  {
                    "content_type": "text/plain",
                    "message_body": "404: page not found",
                    "status_code": "404"
                  }
                ],
                "forward": [],
                "order": 1,
                "redirect": [],
                "target_group_arn": "",
                "type": "fixed-response"
              }
            ],
            "id": "arn:aws:elasticloadbalancing:us-east-2:212646661744:listener/app/webservers-prod/b4994a601f45af89/06429f77eaf43584",
            "load_balancer_arn": "arn:aws:elasticloadbalancing:us-east-2:212646661744:loadbalancer/app/webservers-prod/b4994a601f45af89",
            "port": 80,
            "protocol": "HTTP",
            "ssl_policy": "",
            "tags": null,
            "tags_all": {},
            "timeouts": null
          },
          "sensitive_attributes": [],
          "private": "eyJlMmJmYjczMC1lY2FhLTExZTYtOGY4OC0zNDM2M2JjN2M0YzAiOnsicmVhZCI6NjAwMDAwMDAwMDAwfX0=",
          "dependencies": [
            "module.webserver_cluster.aws_lb.example",
            "module.webserver_cluster.aws_security_group.alb",
            "module.webserver_cluster.data.aws_subnets.default"
          ]
        }
      ]
    },
    {
      "module": "module.webserver_cluster",
      "mode": "managed",
      "type": "aws_lb_listener_rule",
      "name": "asg",
      "provider": "provider[\"registry.terraform.io/hashicorp/aws\"]",
      "instances": [
        {
          "schema_version": 0,
          "attributes": {
            "action": [
              {
                "authenticate_cognito": [],
                "authenticate_oidc": [],
                "fixed_response": [],
                "forward": [],
                "order": 1,
                "redirect": [],
                "target_group_arn": "arn:aws:elasticloadbalancing:us-east-2:212646661744:targetgroup/webservers-prod/05fb773b3d3d8269",
                "type": "forward"
              }
            ],
            "arn": "arn:aws:elasticloadbalancing:us-east-2:212646661744:listener-rule/app/webservers-prod/b4994a601f45af89/06429f77eaf43584/ac6012bae10f7f78",
            "condition": [
              {
                "host_header": [],
                "http_header": [],
                "http_request_method": [],
                "path_pattern": [
                  {
                    "values": [
                      "*"
                    ]
                  }
                ],
                "query_string": [],
                "source_ip": []
              }
            ],
            "id": "arn:aws:elasticloadbalancing:us-east-2:212646661744:listener-rule/app/webservers-prod/b4994a601f45af89/06429f77eaf43584/ac6012bae10f7f78",
            "listener_arn": "arn:aws:elasticloadbalancing:us-east-2:212646661744:listener/app/webservers-prod/b4994a601f45af89/06429f77eaf43584",
            "priority": 100,
            "tags": null,
            "tags_all": {}
          },
          "sensitive_attributes": [],
          "private": "bnVsbA==",
          "dependencies": [
            "module.webserver_cluster.aws_lb.example",
            "module.webserver_cluster.aws_lb_listener.http",
            "module.webserver_cluster.aws_lb_target_group.asg",
            "module.webserver_cluster.aws_security_group.alb",
            "module.webserver_cluster.data.aws_subnets.default",
            "module.webserver_cluster.data.aws_vpc.default"
          ]
        }
      ]
    },
    {
      "module": "module.webserver_cluster",
      "mode": "managed",
      "type": "aws_lb_target_group",
      "name": "asg",
      "provider": "provider[\"registry.terraform.io/hashicorp/aws\"]",
      "instances": [
        {
          "schema_version": 0,
          "attributes": {
            "arn": "arn:aws:elasticloadbalancing:us-east-2:212646661744:targetgroup/webservers-prod/05fb773b3d3d8269",
            "arn_suffix": "targetgroup/webservers-prod/05fb773b3d3d8269",
            "connection_termination": false,
            "deregistration_delay": "300",
            "health_check": [
              {
                "enabled": true,
                "healthy_threshold": 2,
                "interval": 15,
                "matcher": "200",
                "path": "/",
                "port": "traffic-port",
                "protocol": "HTTP",
                "timeout": 3,
                "unhealthy_threshold": 2
              }
            ],
            "id": "arn:aws:elasticloadbalancing:us-east-2:212646661744:targetgroup/webservers-prod/05fb773b3d3d8269",
            "lambda_multi_value_headers_enabled": false,
            "load_balancing_algorithm_type": "round_robin",
            "name": "webservers-prod",
            "name_prefix": null,
            "port": 80,
            "preserve_client_ip": null,
            "protocol": "HTTP",
            "protocol_version": "HTTP1",
            "proxy_protocol_v2": false,
            "slow_start": 0,
            "stickiness": [
              {
                "cookie_duration": 86400,
                "cookie_name": "",
                "enabled": false,
                "type": "lb_cookie"
              }
            ],
            "tags": null,
            "tags_all": {},
            "target_type": "instance",
            "vpc_id": "vpc-0604d0a07752732f7"
          },
          "sensitive_attributes": [],
          "private": "bnVsbA==",
          "dependencies": [
            "module.webserver_cluster.data.aws_vpc.default"
          ]
        }
      ]
    },
    {
      "module": "module.webserver_cluster",
      "mode": "managed",
      "type": "aws_security_group",
      "name": "alb",
      "provider": "provider[\"registry.terraform.io/hashicorp/aws\"]",
      "instances": [
        {
          "schema_version": 1,
          "attributes": {
            "arn": "arn:aws:ec2:us-east-2:212646661744:security-group/sg-09474a26d94188ec2",
            "description": "Managed by Terraform",
            "egress": [],
            "id": "sg-09474a26d94188ec2",
            "ingress": [],
            "name": "webservers-prod-alb",
            "name_prefix": "",
            "owner_id": "212646661744",
            "revoke_rules_on_delete": false,
            "tags": null,
            "tags_all": {},
            "timeouts": null,
            "vpc_id": "vpc-0604d0a07752732f7"
          },
          "sensitive_attributes": [],
          "private": "eyJlMmJmYjczMC1lY2FhLTExZTYtOGY4OC0zNDM2M2JjN2M0YzAiOnsiY3JlYXRlIjo2MDAwMDAwMDAwMDAsImRlbGV0ZSI6OTAwMDAwMDAwMDAwfSwic2NoZW1hX3ZlcnNpb24iOiIxIn0="
        }
      ]
    },
    {
      "module": "module.webserver_cluster",
      "mode": "managed",
      "type": "aws_security_group",
      "name": "instance",
      "provider": "provider[\"registry.terraform.io/hashicorp/aws\"]",
      "instances": [
        {
          "schema_version": 1,
          "attributes": {
            "arn": "arn:aws:ec2:us-east-2:212646661744:security-group/sg-09f1188189ebc9674",
            "description": "Managed by Terraform",
            "egress": [],
            "id": "sg-09f1188189ebc9674",
            "ingress": [],
            "name": "webservers-prod-instance",
            "name_prefix": "",
            "owner_id": "212646661744",
            "revoke_rules_on_delete": false,
            "tags": null,
            "tags_all": {},
            "timeouts": null,
            "vpc_id": "vpc-0604d0a07752732f7"
          },
          "sensitive_attributes": [],
          "private": "eyJlMmJmYjczMC1lY2FhLTExZTYtOGY4OC0zNDM2M2JjN2M0YzAiOnsiY3JlYXRlIjo2MDAwMDAwMDAwMDAsImRlbGV0ZSI6OTAwMDAwMDAwMDAwfSwic2NoZW1hX3ZlcnNpb24iOiIxIn0=",
          "create_before_destroy": true
        }
      ]
    },
    {
      "module": "module.webserver_cluster",
      "mode": "managed",
      "type": "aws_security_group_rule",
      "name": "allow_all_alb_outbound",
      "provider": "provider[\"registry.terraform.io/hashicorp/aws\"]",
      "instances": [
        {
          "schema_version": 2,
          "attributes": {
            "cidr_blocks": [
              "0.0.0.0/0"
            ],
            "description": null,
            "from_port": 0,
            "id": "sgrule-1785018337",
            "ipv6_cidr_blocks": [
              "::/0"
            ],
            "prefix_list_ids": null,
            "protocol": "-1",
            "security_group_id": "sg-09474a26d94188ec2",
            "self": false,
            "source_security_group_id": null,
            "to_port": 0,
            "type": "egress"
          },
          "sensitive_attributes": [],
          "private": "eyJzY2hlbWFfdmVyc2lvbiI6IjIifQ==",
          "dependencies": [
            "module.webserver_cluster.aws_security_group.alb"
          ]
        }
      ]
    },
    {
      "module": "module.webserver_cluster",
      "mode": "managed",
      "type": "aws_security_group_rule",
      "name": "allow_all_instance_outbound",
      "provider": "provider[\"registry.terraform.io/hashicorp/aws\"]",
      "instances": [
        {
          "schema_version": 2,
          "attributes": {
            "cidr_blocks": [
              "0.0.0.0/0"
            ],
            "description": null,
            "from_port": 0,
            "id": "sgrule-1241070149",
            "ipv6_cidr_blocks": [
              "::/0"
            ],
            "prefix_list_ids": null,
            "protocol": "-1",
            "security_group_id": "sg-09f1188189ebc9674",
            "self": false,
            "source_security_group_id": null,
            "to_port": 0,
            "type": "egress"
          },
          "sensitive_attributes": [],
          "private": "eyJzY2hlbWFfdmVyc2lvbiI6IjIifQ==",
          "dependencies": [
            "module.webserver_cluster.aws_security_group.instance"
          ]
        }
      ]
    },
    {
      "module": "module.webserver_cluster",
      "mode": "managed",
      "type": "aws_security_group_rule",
      "name": "allow_http_alb_inbound",
      "provider": "provider[\"registry.terraform.io/hashicorp/aws\"]",
      "instances": [
        {
          "schema_version": 2,
          "attributes": {
            "cidr_blocks": [
              "0.0.0.0/0"
            ],
            "description": null,
            "from_port": 80,
            "id": "sgrule-3016322378",
            "ipv6_cidr_blocks": [
              "::/0"
            ],
            "prefix_list_ids": null,
            "protocol": "tcp",
            "security_group_id": "sg-09474a26d94188ec2",
            "self": false,
            "source_security_group_id": null,
            "to_port": 80,
            "type": "ingress"
          },
          "sensitive_attributes": [],
          "private": "eyJzY2hlbWFfdmVyc2lvbiI6IjIifQ==",
          "dependencies": [
            "module.webserver_cluster.aws_security_group.alb"
          ]
        }
      ]
    },
    {
      "module": "module.webserver_cluster",
      "mode": "managed",
      "type": "aws_security_group_rule",
      "name": "allow_http_instance_inbound",
      "provider": "provider[\"registry.terraform.io/hashicorp/aws\"]",
      "instances": [
        {
          "schema_version": 2,
          "attributes": {
            "cidr_blocks": [
              "0.0.0.0/0"
            ],
            "description": null,
            "from_port": 80,
            "id": "sgrule-282879504",
            "ipv6_cidr_blocks": [
              "::/0"
            ],
            "prefix_list_ids": null,
            "protocol": "tcp",
            "security_group_id": "sg-09f1188189ebc9674",
            "self": false,
            "source_security_group_id": null,
            "to_port": 80,
            "type": "ingress"
          },
          "sensitive_attributes": [],
          "private": "eyJzY2hlbWFfdmVyc2lvbiI6IjIifQ==",
          "dependencies": [
            "module.webserver_cluster.aws_security_group.instance"
          ]
        }
      ]
    },
    {
      "module": "module.webserver_cluster",
      "mode": "managed",
      "type": "aws_security_group_rule",
      "name": "allow_ssh_instance_inbound",
      "provider": "provider[\"registry.terraform.io/hashicorp/aws\"]",
      "instances": [
        {
          "schema_version": 2,
          "attributes": {
            "cidr_blocks": [
              "0.0.0.0/0"
            ],
            "description": null,
            "from_port": 22,
            "id": "sgrule-2946605411",
            "ipv6_cidr_blocks": [
              "::/0"
            ],
            "prefix_list_ids": null,
            "protocol": "tcp",
            "security_group_id": "sg-09f1188189ebc9674",
            "self": false,
            "source_security_group_id": null,
            "to_port": 22,
            "type": "ingress"
          },
          "sensitive_attributes": [],
          "private": "eyJzY2hlbWFfdmVyc2lvbiI6IjIifQ==",
          "dependencies": [
            "module.webserver_cluster.aws_security_group.instance"
          ]
        }
      ]
    }
  ]
}
